
Microsoft Visual Studio Solution File, Format Version 12.00
# Visual Studio 2012
Project("{FAE04EC0-301F-11D3-BF4B-00C04F79EFBC}") = "Web_Exam", "Web_Exam\Web_Exam.csproj", "{FE50F514-106F-486B-8E3B-2D7763A1A3EE}"
EndProject
Global
	GlobalSection(SolutionConfigurationPlatforms) = preSolution
		Debug|Any CPU = Debug|Any CPU
		Release|Any CPU = Release|Any CPU
	EndGlobalSection
	GlobalSection(ProjectConfigurationPlatforms) = postSolution
		{FE50F514-106F-486B-8E3B-2D7763A1A3EE}.Debug|Any CPU.ActiveCfg = Debug|Any CPU
		{FE50F514-106F-486B-8E3B-2D7763A1A3EE}.Debug|Any CPU.Build.0 = Debug|Any CPU
		{FE50F514-106F-486B-8E3B-2D7763A1A3EE}.Release|Any CPU.ActiveCfg = Release|Any CPU
		{FE50F514-106F-486B-8E3B-2D7763A1A3EE}.Release|Any CPU.Build.0 = Release|Any CPU
	EndGlobalSection
	GlobalSection(SolutionProperties) = preSolution
		HideSolutionNode = FALSE
	EndGlobalSection
EndGlobal
